
Microsoft Visual Studio Solution File, Format Version 12.00
# Visual Studio Version 17
VisualStudioVersion = 17.3.32819.101
MinimumVisualStudioVersion = 10.0.40219.1
Project("{FAE04EC0-301F-11D3-BF4B-00C04F79EFBC}") = "ProjetoEscolar", "ProjetoEscolar\ProjetoEscolar.csproj", "{C0184727-9459-4CB4-A87F-257DDF19D776}"
EndProject
Project("{FAE04EC0-301F-11D3-BF4B-00C04F79EFBC}") = "CapaDeDados", "CapaDeDados\CapaDeDados.csproj", "{BAD59478-B3D8-4375-819C-C210E336AB87}"
EndProject
Project("{FAE04EC0-301F-11D3-BF4B-00C04F79EFBC}") = "CapaDeEntidade", "CapaDeEntidade\CapaDeEntidade.csproj", "{67CD81DE-7296-4350-B6C7-0C8C070963D7}"
EndProject
Project("{FAE04EC0-301F-11D3-BF4B-00C04F79EFBC}") = "CapaDeNegocio", "CapaDeNegocio\CapaDeNegocio.csproj", "{51CE35F6-E857-4D91-B153-DAFF1471BA6E}"
EndProject
Global
	GlobalSection(SolutionConfigurationPlatforms) = preSolution
		Debug|Any CPU = Debug|Any CPU
		Release|Any CPU = Release|Any CPU
	EndGlobalSection
	GlobalSection(ProjectConfigurationPlatforms) = postSolution
		{C0184727-9459-4CB4-A87F-257DDF19D776}.Debug|Any CPU.ActiveCfg = Debug|Any CPU
		{C0184727-9459-4CB4-A87F-257DDF19D776}.Debug|Any CPU.Build.0 = Debug|Any CPU
		{C0184727-9459-4CB4-A87F-257DDF19D776}.Release|Any CPU.ActiveCfg = Release|Any CPU
		{C0184727-9459-4CB4-A87F-257DDF19D776}.Release|Any CPU.Build.0 = Release|Any CPU
		{BAD59478-B3D8-4375-819C-C210E336AB87}.Debug|Any CPU.ActiveCfg = Debug|Any CPU
		{BAD59478-B3D8-4375-819C-C210E336AB87}.Debug|Any CPU.Build.0 = Debug|Any CPU
		{BAD59478-B3D8-4375-819C-C210E336AB87}.Release|Any CPU.ActiveCfg = Release|Any CPU
		{BAD59478-B3D8-4375-819C-C210E336AB87}.Release|Any CPU.Build.0 = Release|Any CPU
		{67CD81DE-7296-4350-B6C7-0C8C070963D7}.Debug|Any CPU.ActiveCfg = Debug|Any CPU
		{67CD81DE-7296-4350-B6C7-0C8C070963D7}.Debug|Any CPU.Build.0 = Debug|Any CPU
		{67CD81DE-7296-4350-B6C7-0C8C070963D7}.Release|Any CPU.ActiveCfg = Release|Any CPU
		{67CD81DE-7296-4350-B6C7-0C8C070963D7}.Release|Any CPU.Build.0 = Release|Any CPU
		{51CE35F6-E857-4D91-B153-DAFF1471BA6E}.Debug|Any CPU.ActiveCfg = Debug|Any CPU
		{51CE35F6-E857-4D91-B153-DAFF1471BA6E}.Debug|Any CPU.Build.0 = Debug|Any CPU
		{51CE35F6-E857-4D91-B153-DAFF1471BA6E}.Release|Any CPU.ActiveCfg = Release|Any CPU
		{51CE35F6-E857-4D91-B153-DAFF1471BA6E}.Release|Any CPU.Build.0 = Release|Any CPU
	EndGlobalSection
	GlobalSection(SolutionProperties) = preSolution
		HideSolutionNode = FALSE
	EndGlobalSection
	GlobalSection(ExtensibilityGlobals) = postSolution
		SolutionGuid = {7ACAE690-E1C1-41AC-9F1C-54EFD9D75B08}
	EndGlobalSection
EndGlobal
